// !$*UTF8*$!
{
	archiveVersion = 1;
	classes = {
	};
	objectVersion = 77;
	objects = {

/* Begin PBXBuildFile section */
		6C0927932FC5F4440072489B /* lifequest-ios Watch App.app in Embed Watch Content */ = {isa = PBXBuildFile; fileRef = 6C0927922FC5F4440072489B /* lifequest-ios Watch App.app */; settings = {ATTRIBUTES = (RemoveHeadersOnCopy, ); }; };
		6C543A942FCB0494002C2E5C /* WidgetKit.framework in Frameworks */ = {isa = PBXBuildFile; fileRef = 6C543A932FCB0494002C2E5C /* WidgetKit.framework */; };
		6C543A962FCB0494002C2E5C /* SwiftUI.framework in Frameworks */ = {isa = PBXBuildFile; fileRef = 6C543A952FCB0494002C2E5C /* SwiftUI.framework */; };
		6C543AA32FCB0495002C2E5C /* lifequest-ios Watch WidgetExtension.appex in Embed Foundation Extensions */ = {isa = PBXBuildFile; fileRef = 6C543A912FCB0494002C2E5C /* lifequest-ios Watch WidgetExtension.appex */; settings = {ATTRIBUTES = (RemoveHeadersOnCopy, ); }; };
/* End PBXBuildFile section */

/* Begin PBXContainerItemProxy section */
		6C0927942FC5F4440072489B /* PBXContainerItemProxy */ = {
			isa = PBXContainerItemProxy;
			containerPortal = 6C09277D2FC5F4420072489B /* Project object */;
			proxyType = 1;
			remoteGlobalIDString = 6C0927912FC5F4440072489B;
			remoteInfo = "lifequest-ios Watch App";
		};
		6C543AA12FCB0495002C2E5C /* PBXContainerItemProxy */ = {
			isa = PBXContainerItemProxy;
			containerPortal = 6C09277D2FC5F4420072489B /* Project object */;
			proxyType = 1;
			remoteGlobalIDString = 6C543A902FCB0494002C2E5C;
			remoteInfo = "lifequest-ios Watch WidgetExtension";
		};
/* End PBXContainerItemProxy section */

/* Begin PBXCopyFilesBuildPhase section */
		6C0927A22FC5F4450072489B /* Embed Watch Content */ = {
			isa = PBXCopyFilesBuildPhase;
			buildActionMask = 2147483647;
			dstPath = "$(CONTENTS_FOLDER_PATH)/Watch";
			dstSubfolderSpec = 16;
			files = (
				6C0927932FC5F4440072489B /* lifequest-ios Watch App.app in Embed Watch Content */,
			);
			name = "Embed Watch Content";
			runOnlyForDeploymentPostprocessing = 0;
		};
		6C543AA42FCB0495002C2E5C /* Embed Foundation Extensions */ = {
			isa = PBXCopyFilesBuildPhase;
			buildActionMask = 2147483647;
			dstPath = "";
			dstSubfolderSpec = 13;
			files = (
				6C543AA32FCB0495002C2E5C /* lifequest-ios Watch WidgetExtension.appex in Embed Foundation Extensions */,
			);
			name = "Embed Foundation Extensions";
			runOnlyForDeploymentPostprocessing = 0;
		};
/* End PBXCopyFilesBuildPhase section */

/* Begin PBXFileReference section */
		6C0927852FC5F4420072489B /* lifequest-ios.app */ = {isa = PBXFileReference; explicitFileType = wrapper.application; includeInIndex = 0; path = "lifequest-ios.app"; sourceTree = BUILT_PRODUCTS_DIR; };
		6C0927922FC5F4440072489B /* lifequest-ios Watch App.app */ = {isa = PBXFileReference; explicitFileType = wrapper.application; includeInIndex = 0; path = "lifequest-ios Watch App.app"; sourceTree = BUILT_PRODUCTS_DIR; };
		6C543A912FCB0494002C2E5C /* lifequest-ios Watch WidgetExtension.appex */ = {isa = PBXFileReference; explicitFileType = "wrapper.app-extension"; includeInIndex = 0; path = "lifequest-ios Watch WidgetExtension.appex"; sourceTree = BUILT_PRODUCTS_DIR; };
		6C543A932FCB0494002C2E5C /* WidgetKit.framework */ = {isa = PBXFileReference; lastKnownFileType = wrapper.framework; name = WidgetKit.framework; path = System/Library/Frameworks/WidgetKit.framework; sourceTree = SDKROOT; };
		6C543A952FCB0494002C2E5C /* SwiftUI.framework */ = {isa = PBXFileReference; lastKnownFileType = wrapper.framework; name = SwiftUI.framework; path = System/Library/Frameworks/SwiftUI.framework; sourceTree = SDKROOT; };
		6C543AAE2FCB05E0002C2E5C /* lifequest-ios Watch WidgetExtension.entitlements */ = {isa = PBXFileReference; lastKnownFileType = text.plist.entitlements; path = "lifequest-ios Watch WidgetExtension.entitlements"; sourceTree = "<group>"; };
/* End PBXFileReference section */

/* Begin PBXFileSystemSynchronizedBuildFileExceptionSet section */
		6C543AA72FCB0495002C2E5C /* Exceptions for "lifequest-ios Watch Widget" folder in "lifequest-ios Watch WidgetExtension" target */ = {
			isa = PBXFileSystemSynchronizedBuildFileExceptionSet;
			membershipExceptions = (
				Info.plist,
			);
			target = 6C543A902FCB0494002C2E5C /* lifequest-ios Watch WidgetExtension */;
		};
		6C543AAC2FCB0560002C2E5C /* Exceptions for "lifequest-ios Watch App" folder in "lifequest-ios Watch WidgetExtension" target */ = {
			isa = PBXFileSystemSynchronizedBuildFileExceptionSet;
			membershipExceptions = (
				Models.swift,
			);
			target = 6C543A902FCB0494002C2E5C /* lifequest-ios Watch WidgetExtension */;
		};
/* End PBXFileSystemSynchronizedBuildFileExceptionSet section */

/* Begin PBXFileSystemSynchronizedRootGroup section */
		6C0927872FC5F4420072489B /* lifequest-ios */ = {
			isa = PBXFileSystemSynchronizedRootGroup;
			path = "lifequest-ios";
			sourceTree = "<group>";
		};
		6C0927962FC5F4440072489B /* lifequest-ios Watch App */ = {
			isa = PBXFileSystemSynchronizedRootGroup;
			exceptions = (
				6C543AAC2FCB0560002C2E5C /* Exceptions for "lifequest-ios Watch App" folder in "lifequest-ios Watch WidgetExtension" target */,
			);
			path = "lifequest-ios Watch App";
			sourceTree = "<group>";
		};
		6C543A972FCB0494002C2E5C /* lifequest-ios Watch Widget */ = {
			isa = PBXFileSystemSynchronizedRootGroup;
			exceptions = (
				6C543AA72FCB0495002C2E5C /* Exceptions for "lifequest-ios Watch Widget" folder in "lifequest-ios Watch WidgetExtension" target */,
			);
			path = "lifequest-ios Watch Widget";
			sourceTree = "<group>";
		};
/* End PBXFileSystemSynchronizedRootGroup section */

/* Begin PBXFrameworksBuildPhase section */
		6C0927822FC5F4420072489B /* Frameworks */ = {
			isa = PBXFrameworksBuildPhase;
			buildActionMask = 2147483647;
			files = (
			);
			runOnlyForDeploymentPostprocessing = 0;
		};
		6C09278F2FC5F4440072489B /* Frameworks */ = {
			isa = PBXFrameworksBuildPhase;
			buildActionMask = 2147483647;
			files = (
			);
			runOnlyForDeploymentPostprocessing = 0;
		};
		6C543A8E2FCB0494002C2E5C /* Frameworks */ = {
			isa = PBXFrameworksBuildPhase;
			buildActionMask = 2147483647;
			files = (
				6C543A962FCB0494002C2E5C /* SwiftUI.framework in Frameworks */,
				6C543A942FCB0494002C2E5C /* WidgetKit.framework in Frameworks */,
			);
			runOnlyForDeploymentPostprocessing = 0;
		};
/* End PBXFrameworksBuildPhase section */

/* Begin PBXGroup section */
		6C09277C2FC5F4420072489B = {
			isa = PBXGroup;
			children = (
				6C543AAE2FCB05E0002C2E5C /* lifequest-ios Watch WidgetExtension.entitlements */,
				6C0927872FC5F4420072489B /* lifequest-ios */,
				6C0927962FC5F4440072489B /* lifequest-ios Watch App */,
				6C543A972FCB0494002C2E5C /* lifequest-ios Watch Widget */,
				6C543A922FCB0494002C2E5C /* Frameworks */,
				6C0927862FC5F4420072489B /* Products */,
			);
			sourceTree = "<group>";
		};
		6C0927862FC5F4420072489B /* Products */ = {
			isa = PBXGroup;
			children = (
				6C0927852FC5F4420072489B /* lifequest-ios.app */,
				6C0927922FC5F4440072489B /* lifequest-ios Watch App.app */,
				6C543A912FCB0494002C2E5C /* lifequest-ios Watch WidgetExtension.appex */,
			);
			name = Products;
			sourceTree = "<group>";
		};
		6C543A922FCB0494002C2E5C /* Frameworks */ = {
			isa = PBXGroup;
			children = (
				6C543A932FCB0494002C2E5C /* WidgetKit.framework */,
				6C543A952FCB0494002C2E5C /* SwiftUI.framework */,
			);
			name = Frameworks;
			sourceTree = "<group>";
		};
/* End PBXGroup section */

/* Begin PBXNativeTarget section */
		6C0927842FC5F4420072489B /* lifequest-ios */ = {
			isa = PBXNativeTarget;
			buildConfigurationList = 6C0927A32FC5F4450072489B /* Build configuration list for PBXNativeTarget "lifequest-ios" */;
			buildPhases = (
				6C0927812FC5F4420072489B /* Sources */,
				6C0927822FC5F4420072489B /* Frameworks */,
				6C0927832FC5F4420072489B /* Resources */,
				6C0927A22FC5F4450072489B /* Embed Watch Content */,
			);
			buildRules = (
			);
			dependencies = (
				6C0927952FC5F4440072489B /* PBXTargetDependency */,
			);
			fileSystemSynchronizedGroups = (
				6C0927872FC5F4420072489B /* lifequest-ios */,
			);
			name = "lifequest-ios";
			packageProductDependencies = (
			);
			productName = "lifequest-ios";
			productReference = 6C0927852FC5F4420072489B /* lifequest-ios.app */;
			productType = "com.apple.product-type.application";
		};
		6C0927912FC5F4440072489B /* lifequest-ios Watch App */ = {
			isa = PBXNativeTarget;
			buildConfigurationList = 6C09279F2FC5F4450072489B /* Build configuration list for PBXNativeTarget "lifequest-ios Watch App" */;
			buildPhases = (
				6C09278E2FC5F4440072489B /* Sources */,
				6C09278F2FC5F4440072489B /* Frameworks */,
				6C0927902FC5F4440072489B /* Resources */,
				6C543AA42FCB0495002C2E5C /* Embed Foundation Extensions */,
			);
			buildRules = (
			);
			dependencies = (
				6C543AA22FCB0495002C2E5C /* PBXTargetDependency */,
			);
			fileSystemSynchronizedGroups = (
				6C0927962FC5F4440072489B /* lifequest-ios Watch App */,
			);
			name = "lifequest-ios Watch App";
			packageProductDependencies = (
			);
			productName = "lifequest-ios Watch App";
			productReference = 6C0927922FC5F4440072489B /* lifequest-ios Watch App.app */;
			productType = "com.apple.product-type.application";
		};
		6C543A902FCB0494002C2E5C /* lifequest-ios Watch WidgetExtension */ = {
			isa = PBXNativeTarget;
			buildConfigurationList = 6C543AA82FCB0495002C2E5C /* Build configuration list for PBXNativeTarget "lifequest-ios Watch WidgetExtension" */;
			buildPhases = (
				6C543A8D2FCB0494002C2E5C /* Sources */,
				6C543A8E2FCB0494002C2E5C /* Frameworks */,
				6C543A8F2FCB0494002C2E5C /* Resources */,
			);
			buildRules = (
			);
			dependencies = (
			);
			fileSystemSynchronizedGroups = (
				6C543A972FCB0494002C2E5C /* lifequest-ios Watch Widget */,
			);
			name = "lifequest-ios Watch WidgetExtension";
			packageProductDependencies = (
			);
			productName = "lifequest-ios Watch WidgetExtension";
			productReference = 6C543A912FCB0494002C2E5C /* lifequest-ios Watch WidgetExtension.appex */;
			productType = "com.apple.product-type.app-extension";
		};
/* End PBXNativeTarget section */

/* Begin PBXProject section */
		6C09277D2FC5F4420072489B /* Project object */ = {
			isa = PBXProject;
			attributes = {
				BuildIndependentTargetsInParallel = 1;
				LastSwiftUpdateCheck = 2630;
				LastUpgradeCheck = 2630;
				TargetAttributes = {
					6C0927842FC5F4420072489B = {
						CreatedOnToolsVersion = 26.3;
					};
					6C0927912FC5F4440072489B = {
						CreatedOnToolsVersion = 26.3;
					};
					6C543A902FCB0494002C2E5C = {
						CreatedOnToolsVersion = 26.3;
					};
				};
			};
			buildConfigurationList = 6C0927802FC5F4420072489B /* Build configuration list for PBXProject "lifequest-ios" */;
			developmentRegion = en;
			hasScannedForEncodings = 0;
			knownRegions = (
				en,
				Base,
			);
			mainGroup = 6C09277C2FC5F4420072489B;
			minimizedProjectReferenceProxies = 1;
			preferredProjectObjectVersion = 77;
			productRefGroup = 6C0927862FC5F4420072489B /* Products */;
			projectDirPath = "";
			projectRoot = "";
			targets = (
				6C0927842FC5F4420072489B /* lifequest-ios */,
				6C0927912FC5F4440072489B /* lifequest-ios Watch App */,
				6C543A902FCB0494002C2E5C /* lifequest-ios Watch WidgetExtension */,
			);
		};
/* End PBXProject section */

/* Begin PBXResourcesBuildPhase section */
		6C0927832FC5F4420072489B /* Resources */ = {
			isa = PBXResourcesBuildPhase;
			buildActionMask = 2147483647;
			files = (
			);
			runOnlyForDeploymentPostprocessing = 0;
		};
		6C0927902FC5F4440072489B /* Resources */ = {
			isa = PBXResourcesBuildPhase;
			buildActionMask = 2147483647;
			files = (
			);
			runOnlyForDeploymentPostprocessing = 0;
		};
		6C543A8F2FCB0494002C2E5C /* Resources */ = {
			isa = PBXResourcesBuildPhase;
			buildActionMask = 2147483647;
			files = (
			);
			runOnlyForDeploymentPostprocessing = 0;
		};
/* End PBXResourcesBuildPhase section */

/* Begin PBXSourcesBuildPhase section */
		6C0927812FC5F4420072489B /* Sources */ = {
			isa = PBXSourcesBuildPhase;
			buildActionMask = 2147483647;
			files = (
			);
			runOnlyForDeploymentPostprocessing = 0;
		};
		6C09278E2FC5F4440072489B /* Sources */ = {
			isa = PBXSourcesBuildPhase;
			buildActionMask = 2147483647;
			files = (
			);
			runOnlyForDeploymentPostprocessing = 0;
		};
		6C543A8D2FCB0494002C2E5C /* Sources */ = {
			isa = PBXSourcesBuildPhase;
			buildActionMask = 2147483647;
			files = (
			);
			runOnlyForDeploymentPostprocessing = 0;
		};
/* End PBXSourcesBuildPhase section */

/* Begin PBXTargetDependency section */
		6C0927952FC5F4440072489B /* PBXTargetDependency */ = {
			isa = PBXTargetDependency;
			target = 6C0927912FC5F4440072489B /* lifequest-ios Watch App */;
			targetProxy = 6C0927942FC5F4440072489B /* PBXContainerItemProxy */;
		};
		6C543AA22FCB0495002C2E5C /* PBXTargetDependency */ = {
			isa = PBXTargetDependency;
			target = 6C543A902FCB0494002C2E5C /* lifequest-ios Watch WidgetExtension */;
			targetProxy = 6C543AA12FCB0495002C2E5C /* PBXContainerItemProxy */;
		};
/* End PBXTargetDependency section */

/* Begin XCBuildConfiguration section */
		6C09279D2FC5F4450072489B /* Debug */ = {
			isa = XCBuildConfiguration;
			buildSettings = {
				ALWAYS_SEARCH_USER_PATHS = NO;
				ASSETCATALOG_COMPILER_GENERATE_SWIFT_ASSET_SYMBOL_EXTENSIONS = YES;
				CLANG_ANALYZER_NONNULL = YES;
				CLANG_ANALYZER_NUMBER_OBJECT_CONVERSION = YES_AGGRESSIVE;
				CLANG_CXX_LANGUAGE_STANDARD = "gnu++20";
				CLANG_ENABLE_MODULES = YES;
				CLANG_ENABLE_OBJC_ARC = YES;
				CLANG_ENABLE_OBJC_WEAK = YES;
				CLANG_WARN_BLOCK_CAPTURE_AUTORELEASING = YES;
				CLANG_WARN_BOOL_CONVERSION = YES;
				CLANG_WARN_COMMA = YES;
				CLANG_WARN_CONSTANT_CONVERSION = YES;
				CLANG_WARN_DEPRECATED_OBJC_IMPLEMENTATIONS = YES;
				CLANG_WARN_DIRECT_OBJC_ISA_USAGE = YES_ERROR;
				CLANG_WARN_DOCUMENTATION_COMMENTS = YES;
				CLANG_WARN_EMPTY_BODY = YES;
				CLANG_WARN_ENUM_CONVERSION = YES;
				CLANG_WARN_INFINITE_RECURSION = YES;
				CLANG_WARN_INT_CONVERSION = YES;
				CLANG_WARN_NON_LITERAL_NULL_CONVERSION = YES;
				CLANG_WARN_OBJC_IMPLICIT_RETAIN_SELF = YES;
				CLANG_WARN_OBJC_LITERAL_CONVERSION = YES;
				CLANG_WARN_OBJC_ROOT_CLASS = YES_ERROR;
				CLANG_WARN_QUOTED_INCLUDE_IN_FRAMEWORK_HEADER = YES;
				CLANG_WARN_RANGE_LOOP_ANALYSIS = YES;
				CLANG_WARN_STRICT_PROTOTYPES = YES;
				CLANG_WARN_SUSPICIOUS_MOVE = YES;
				CLANG_WARN_UNGUARDED_AVAILABILITY = YES_AGGRESSIVE;
				CLANG_WARN_UNREACHABLE_CODE = YES;
				CLANG_WARN__DUPLICATE_METHOD_MATCH = YES;
				COPY_PHASE_STRIP = NO;
				DEBUG_INFORMATION_FORMAT = dwarf;
				ENABLE_STRICT_OBJC_MSGSEND = YES;
				ENABLE_TESTABILITY = YES;
				ENABLE_USER_SCRIPT_SANDBOXING = YES;
				GCC_C_LANGUAGE_STANDARD = gnu17;
				GCC_DYNAMIC_NO_PIC = NO;
				GCC_NO_COMMON_BLOCKS = YES;
				GCC_OPTIMIZATION_LEVEL = 0;
				GCC_PREPROCESSOR_DEFINITIONS = (
					"DEBUG=1",
					"$(inherited)",
				);
				GCC_WARN_64_TO_32_BIT_CONVERSION = YES;
				GCC_WARN_ABOUT_RETURN_TYPE = YES_ERROR;
				GCC_WARN_UNDECLARED_SELECTOR = YES;
				GCC_WARN_UNINITIALIZED_AUTOS = YES_AGGRESSIVE;
				GCC_WARN_UNUSED_FUNCTION = YES;
				GCC_WARN_UNUSED_VARIABLE = YES;
				LOCALIZATION_PREFERS_STRING_CATALOGS = YES;
				MTL_ENABLE_DEBUG_INFO = INCLUDE_SOURCE;
				MTL_FAST_MATH = YES;
				ONLY_ACTIVE_ARCH = YES;
				SWIFT_ACTIVE_COMPILATION_CONDITIONS = "DEBUG $(inherited)";
				SWIFT_OPTIMIZATION_LEVEL = "-Onone";
			};
			name = Debug;
		};
		6C09279E2FC5F4450072489B /* Release */ = {
			isa = XCBuildConfiguration;
			buildSettings = {
				ALWAYS_SEARCH_USER_PATHS = NO;
				ASSETCATALOG_COMPILER_GENERATE_SWIFT_ASSET_SYMBOL_EXTENSIONS = YES;
				CLANG_ANALYZER_NONNULL = YES;
				CLANG_ANALYZER_NUMBER_OBJECT_CONVERSION = YES_AGGRESSIVE;
				CLANG_CXX_LANGUAGE_STANDARD = "gnu++20";
				CLANG_ENABLE_MODULES = YES;
				CLANG_ENABLE_OBJC_ARC = YES;
				CLANG_ENABLE_OBJC_WEAK = YES;
				CLANG_WARN_BLOCK_CAPTURE_AUTORELEASING = YES;
				CLANG_WARN_BOOL_CONVERSION = YES;
				CLANG_WARN_COMMA = YES;
				CLANG_WARN_CONSTANT_CONVERSION = YES;
				CLANG_WARN_DEPRECATED_OBJC_IMPLEMENTATIONS = YES;
				CLANG_WARN_DIRECT_OBJC_ISA_USAGE = YES_ERROR;
				CLANG_WARN_DOCUMENTATION_COMMENTS = YES;
				CLANG_WARN_EMPTY_BODY = YES;
				CLANG_WARN_ENUM_CONVERSION = YES;
				CLANG_WARN_INFINITE_RECURSION = YES;
				CLANG_WARN_INT_CONVERSION = YES;
				CLANG_WARN_NON_LITERAL_NULL_CONVERSION = YES;
				CLANG_WARN_OBJC_IMPLICIT_RETAIN_SELF = YES;
				CLANG_WARN_OBJC_LITERAL_CONVERSION = YES;
				CLANG_WARN_OBJC_ROOT_CLASS = YES_ERROR;
				CLANG_WARN_QUOTED_INCLUDE_IN_FRAMEWORK_HEADER = YES;
				CLANG_WARN_RANGE_LOOP_ANALYSIS = YES;
				CLANG_WARN_STRICT_PROTOTYPES = YES;
				CLANG_WARN_SUSPICIOUS_MOVE = YES;
				CLANG_WARN_UNGUARDED_AVAILABILITY = YES_AGGRESSIVE;
				CLANG_WARN_UNREACHABLE_CODE = YES;
				CLANG_WARN__DUPLICATE_METHOD_MATCH = YES;
				COPY_PHASE_STRIP = NO;
				DEBUG_INFORMATION_FORMAT = "dwarf-with-dsym";
				ENABLE_NS_ASSERTIONS = NO;
				ENABLE_STRICT_OBJC_MSGSEND = YES;
				ENABLE_USER_SCRIPT_SANDBOXING = YES;
				GCC_C_LANGUAGE_STANDARD = gnu17;
				GCC_NO_COMMON_BLOCKS = YES;
				GCC_WARN_64_TO_32_BIT_CONVERSION = YES;
				GCC_WARN_ABOUT_RETURN_TYPE = YES_ERROR;
				GCC_WARN_UNDECLARED_SELECTOR = YES;
				GCC_WARN_UNINITIALIZED_AUTOS = YES_AGGRESSIVE;
				GCC_WARN_UNUSED_FUNCTION = YES;
				GCC_WARN_UNUSED_VARIABLE = YES;
				LOCALIZATION_PREFERS_STRING_CATALOGS = YES;
				MTL_ENABLE_DEBUG_INFO = NO;
				MTL_FAST_MATH = YES;
				SWIFT_COMPILATION_MODE = wholemodule;
			};
			name = Release;
		};
		6C0927A02FC5F4450072489B /* Debug */ = {
			isa = XCBuildConfiguration;
			buildSettings = {
				ASSETCATALOG_COMPILER_APPICON_NAME = AppIcon;
				ASSETCATALOG_COMPILER_GLOBAL_ACCENT_COLOR_NAME = AccentColor;
				CODE_SIGN_ENTITLEMENTS = "lifequest-ios Watch App/lifequest-ios Watch App.entitlements";
				CODE_SIGN_STYLE = Automatic;
				CURRENT_PROJECT_VERSION = 1;
				DEVELOPMENT_TEAM = Z38G3RTZDD;
				ENABLE_PREVIEWS = YES;
				GENERATE_INFOPLIST_FILE = YES;
				INFOPLIST_KEY_CFBundleDisplayName = "lifequest-ios";
				INFOPLIST_KEY_UISupportedInterfaceOrientations = "UIInterfaceOrientationPortrait UIInterfaceOrientationPortraitUpsideDown";
				INFOPLIST_KEY_WKCompanionAppBundleIdentifier = "com.xx.lifequest-ios";
				INFOPLIST_KEY_WKRunsIndependentlyOfCompanionApp = YES;
				LD_RUNPATH_SEARCH_PATHS = (
					"$(inherited)",
					"@executable_path/Frameworks",
				);
				MARKETING_VERSION = 1.0;
				PRODUCT_BUNDLE_IDENTIFIER = "com.xx.lifequest-ios.watchkitapp";
				PRODUCT_NAME = "$(TARGET_NAME)";
				SDKROOT = watchos;
				SKIP_INSTALL = YES;
				STRING_CATALOG_GENERATE_SYMBOLS = YES;
				SWIFT_APPROACHABLE_CONCURRENCY = YES;
				SWIFT_DEFAULT_ACTOR_ISOLATION = MainActor;
				SWIFT_EMIT_LOC_STRINGS = YES;
				SWIFT_UPCOMING_FEATURE_MEMBER_IMPORT_VISIBILITY = YES;
				SWIFT_VERSION = 5.0;
				TARGETED_DEVICE_FAMILY = 4;
				WATCHOS_DEPLOYMENT_TARGET = 26.0;
			};
			name = Debug;
		};
		6C0927A12FC5F4450072489B /* Release */ = {
			isa = XCBuildConfiguration;
			buildSettings = {
				ASSETCATALOG_COMPILER_APPICON_NAME = AppIcon;
				ASSETCATALOG_COMPILER_GLOBAL_ACCENT_COLOR_NAME = AccentColor;
				CODE_SIGN_ENTITLEMENTS = "lifequest-ios Watch App/lifequest-ios Watch App.entitlements";
				CODE_SIGN_STYLE = Automatic;
				CURRENT_PROJECT_VERSION = 1;
				DEVELOPMENT_TEAM = Z38G3RTZDD;
				ENABLE_PREVIEWS = YES;
				GENERATE_INFOPLIST_FILE = YES;
				INFOPLIST_KEY_CFBundleDisplayName = "lifequest-ios";
				INFOPLIST_KEY_UISupportedInterfaceOrientations = "UIInterfaceOrientationPortrait UIInterfaceOrientationPortraitUpsideDown";
				INFOPLIST_KEY_WKCompanionAppBundleIdentifier = "com.xx.lifequest-ios";
				INFOPLIST_KEY_WKRunsIndependentlyOfCompanionApp = YES;
				LD_RUNPATH_SEARCH_PATHS = (
					"$(inherited)",
					"@executable_path/Frameworks",
				);
				MARKETING_VERSION = 1.0;
				PRODUCT_BUNDLE_IDENTIFIER = "com.xx.lifequest-ios.watchkitapp";
				PRODUCT_NAME = "$(TARGET_NAME)";
				SDKROOT = watchos;
				SKIP_INSTALL = YES;
				STRING_CATALOG_GENERATE_SYMBOLS = YES;
				SWIFT_APPROACHABLE_CONCURRENCY = YES;
				SWIFT_DEFAULT_ACTOR_ISOLATION = MainActor;
				SWIFT_EMIT_LOC_STRINGS = YES;
				SWIFT_UPCOMING_FEATURE_MEMBER_IMPORT_VISIBILITY = YES;
				SWIFT_VERSION = 5.0;
				TARGETED_DEVICE_FAMILY = 4;
				VALIDATE_PRODUCT = YES;
				WATCHOS_DEPLOYMENT_TARGET = 26.0;
			};
			name = Release;
		};
		6C0927A42FC5F4450072489B /* Debug */ = {
			isa = XCBuildConfiguration;
			buildSettings = {
				ASSETCATALOG_COMPILER_APPICON_NAME = AppIcon;
				ASSETCATALOG_COMPILER_GLOBAL_ACCENT_COLOR_NAME = AccentColor;
				CODE_SIGN_STYLE = Automatic;
				CURRENT_PROJECT_VERSION = 1;
				DEVELOPMENT_TEAM = Z38G3RTZDD;
				ENABLE_PREVIEWS = YES;
				GENERATE_INFOPLIST_FILE = YES;
				INFOPLIST_KEY_CFBundleDisplayName = "lifequest-ios";
				INFOPLIST_KEY_UIApplicationSceneManifest_Generation = YES;
				INFOPLIST_KEY_UIApplicationSupportsIndirectInputEvents = YES;
				INFOPLIST_KEY_UILaunchScreen_Generation = YES;
				INFOPLIST_KEY_UISupportedInterfaceOrientations_iPad = "UIInterfaceOrientationPortrait UIInterfaceOrientationPortraitUpsideDown UIInterfaceOrientationLandscapeLeft UIInterfaceOrientationLandscapeRight";
				INFOPLIST_KEY_UISupportedInterfaceOrientations_iPhone = "UIInterfaceOrientationPortrait UIInterfaceOrientationLandscapeLeft UIInterfaceOrientationLandscapeRight";
				IPHONEOS_DEPLOYMENT_TARGET = 26.2;
				LD_RUNPATH_SEARCH_PATHS = (
					"$(inherited)",
					"@executable_path/Frameworks",
				);
				MARKETING_VERSION = 1.0;
				PRODUCT_BUNDLE_IDENTIFIER = "com.xx.lifequest-ios";
				PRODUCT_NAME = "$(TARGET_NAME)";
				SDKROOT = iphoneos;
				STRING_CATALOG_GENERATE_SYMBOLS = YES;
				SWIFT_APPROACHABLE_CONCURRENCY = YES;
				SWIFT_DEFAULT_ACTOR_ISOLATION = MainActor;
				SWIFT_EMIT_LOC_STRINGS = YES;
				SWIFT_UPCOMING_FEATURE_MEMBER_IMPORT_VISIBILITY = YES;
				SWIFT_VERSION = 5.0;
				TARGETED_DEVICE_FAMILY = "1,2";
			};
			name = Debug;
		};
		6C0927A52FC5F4450072489B /* Release */ = {
			isa = XCBuildConfiguration;
			buildSettings = {
				ASSETCATALOG_COMPILER_APPICON_NAME = AppIcon;
				ASSETCATALOG_COMPILER_GLOBAL_ACCENT_COLOR_NAME = AccentColor;
				CODE_SIGN_STYLE = Automatic;
				CURRENT_PROJECT_VERSION = 1;
				DEVELOPMENT_TEAM = Z38G3RTZDD;
				ENABLE_PREVIEWS = YES;
				GENERATE_INFOPLIST_FILE = YES;
				INFOPLIST_KEY_CFBundleDisplayName = "lifequest-ios";
				INFOPLIST_KEY_UIApplicationSceneManifest_Generation = YES;
				INFOPLIST_KEY_UIApplicationSupportsIndirectInputEvents = YES;
				INFOPLIST_KEY_UILaunchScreen_Generation = YES;
				INFOPLIST_KEY_UISupportedInterfaceOrientations_iPad = "UIInterfaceOrientationPortrait UIInterfaceOrientationPortraitUpsideDown UIInterfaceOrientationLandscapeLeft UIInterfaceOrientationLandscapeRight";
				INFOPLIST_KEY_UISupportedInterfaceOrientations_iPhone = "UIInterfaceOrientationPortrait UIInterfaceOrientationLandscapeLeft UIInterfaceOrientationLandscapeRight";
				IPHONEOS_DEPLOYMENT_TARGET = 26.2;
				LD_RUNPATH_SEARCH_PATHS = (
					"$(inherited)",
					"@executable_path/Frameworks",
				);
				MARKETING_VERSION = 1.0;
				PRODUCT_BUNDLE_IDENTIFIER = "com.xx.lifequest-ios";
				PRODUCT_NAME = "$(TARGET_NAME)";
				SDKROOT = iphoneos;
				STRING_CATALOG_GENERATE_SYMBOLS = YES;
				SWIFT_APPROACHABLE_CONCURRENCY = YES;
				SWIFT_DEFAULT_ACTOR_ISOLATION = MainActor;
				SWIFT_EMIT_LOC_STRINGS = YES;
				SWIFT_UPCOMING_FEATURE_MEMBER_IMPORT_VISIBILITY = YES;
				SWIFT_VERSION = 5.0;
				TARGETED_DEVICE_FAMILY = "1,2";
				VALIDATE_PRODUCT = YES;
			};
			name = Release;
		};
		6C543AA52FCB0495002C2E5C /* Debug */ = {
			isa = XCBuildConfiguration;
			buildSettings = {
				ASSETCATALOG_COMPILER_GLOBAL_ACCENT_COLOR_NAME = AccentColor;
				ASSETCATALOG_COMPILER_WIDGET_BACKGROUND_COLOR_NAME = WidgetBackground;
				CODE_SIGN_ENTITLEMENTS = "lifequest-ios Watch WidgetExtension.entitlements";
				CODE_SIGN_STYLE = Automatic;
				CURRENT_PROJECT_VERSION = 1;
				DEVELOPMENT_TEAM = Z38G3RTZDD;
				GENERATE_INFOPLIST_FILE = YES;
				INFOPLIST_FILE = "lifequest-ios Watch Widget/Info.plist";
				INFOPLIST_KEY_CFBundleDisplayName = "lifequest-ios Watch Widget";
				INFOPLIST_KEY_NSHumanReadableCopyright = "";
				LD_RUNPATH_SEARCH_PATHS = (
					"$(inherited)",
					"@executable_path/Frameworks",
					"@executable_path/../../Frameworks",
					"@executable_path/../../../../Frameworks",
				);
				MARKETING_VERSION = 1.0;
				PRODUCT_BUNDLE_IDENTIFIER = "com.xx.lifequest-ios.watchkitapp.lifequest-ios-Watch-Widget";
				PRODUCT_NAME = "$(TARGET_NAME)";
				SDKROOT = watchos;
				SKIP_INSTALL = YES;
				STRING_CATALOG_GENERATE_SYMBOLS = YES;
				SWIFT_APPROACHABLE_CONCURRENCY = YES;
				SWIFT_EMIT_LOC_STRINGS = YES;
				SWIFT_UPCOMING_FEATURE_MEMBER_IMPORT_VISIBILITY = YES;
				SWIFT_VERSION = 5.0;
				TARGETED_DEVICE_FAMILY = 4;
				WATCHOS_DEPLOYMENT_TARGET = 26.2;
			};
			name = Debug;
		};
		6C543AA62FCB0495002C2E5C /* Release */ = {
			isa = XCBuildConfiguration;
			buildSettings = {
				ASSETCATALOG_COMPILER_GLOBAL_ACCENT_COLOR_NAME = AccentColor;
				ASSETCATALOG_COMPILER_WIDGET_BACKGROUND_COLOR_NAME = WidgetBackground;
				CODE_SIGN_ENTITLEMENTS = "lifequest-ios Watch WidgetExtension.entitlements";
				CODE_SIGN_STYLE = Automatic;
				CURRENT_PROJECT_VERSION = 1;
				DEVELOPMENT_TEAM = Z38G3RTZDD;
				GENERATE_INFOPLIST_FILE = YES;
				INFOPLIST_FILE = "lifequest-ios Watch Widget/Info.plist";
				INFOPLIST_KEY_CFBundleDisplayName = "lifequest-ios Watch Widget";
				INFOPLIST_KEY_NSHumanReadableCopyright = "";
				LD_RUNPATH_SEARCH_PATHS = (
					"$(inherited)",
					"@executable_path/Frameworks",
					"@executable_path/../../Frameworks",
					"@executable_path/../../../../Frameworks",
				);
				MARKETING_VERSION = 1.0;
				PRODUCT_BUNDLE_IDENTIFIER = "com.xx.lifequest-ios.watchkitapp.lifequest-ios-Watch-Widget";
				PRODUCT_NAME = "$(TARGET_NAME)";
				SDKROOT = watchos;
				SKIP_INSTALL = YES;
				STRING_CATALOG_GENERATE_SYMBOLS = YES;
				SWIFT_APPROACHABLE_CONCURRENCY = YES;
				SWIFT_EMIT_LOC_STRINGS = YES;
				SWIFT_UPCOMING_FEATURE_MEMBER_IMPORT_VISIBILITY = YES;
				SWIFT_VERSION = 5.0;
				TARGETED_DEVICE_FAMILY = 4;
				VALIDATE_PRODUCT = YES;
				WATCHOS_DEPLOYMENT_TARGET = 26.2;
			};
			name = Release;
		};
/* End XCBuildConfiguration section */

/* Begin XCConfigurationList section */
		6C0927802FC5F4420072489B /* Build configuration list for PBXProject "lifequest-ios" */ = {
			isa = XCConfigurationList;
			buildConfigurations = (
				6C09279D2FC5F4450072489B /* Debug */,
				6C09279E2FC5F4450072489B /* Release */,
			);
			defaultConfigurationIsVisible = 0;
			defaultConfigurationName = Release;
		};
		6C09279F2FC5F4450072489B /* Build configuration list for PBXNativeTarget "lifequest-ios Watch App" */ = {
			isa = XCConfigurationList;
			buildConfigurations = (
				6C0927A02FC5F4450072489B /* Debug */,
				6C0927A12FC5F4450072489B /* Release */,
			);
			defaultConfigurationIsVisible = 0;
			defaultConfigurationName = Release;
		};
		6C0927A32FC5F4450072489B /* Build configuration list for PBXNativeTarget "lifequest-ios" */ = {
			isa = XCConfigurationList;
			buildConfigurations = (
				6C0927A42FC5F4450072489B /* Debug */,
				6C0927A52FC5F4450072489B /* Release */,
			);
			defaultConfigurationIsVisible = 0;
			defaultConfigurationName = Release;
		};
		6C543AA82FCB0495002C2E5C /* Build configuration list for PBXNativeTarget "lifequest-ios Watch WidgetExtension" */ = {
			isa = XCConfigurationList;
			buildConfigurations = (
				6C543AA52FCB0495002C2E5C /* Debug */,
				6C543AA62FCB0495002C2E5C /* Release */,
			);
			defaultConfigurationIsVisible = 0;
			defaultConfigurationName = Release;
		};
/* End XCConfigurationList section */
	};
	rootObject = 6C09277D2FC5F4420072489B /* Project object */;
}
